
Microsoft Visual Studio Solution File, Format Version 12.00
# Visual Studio Version 17
VisualStudioVersion = 17.9.34723.18
MinimumVisualStudioVersion = 10.0.40219.1
Project("{FAE04EC0-301F-11D3-BF4B-00C04F79EFBC}") = "GSB_HD_2024", "GSB_HD_2024.csproj", "{44180420-0EF5-45C4-B05A-E9019F65CA42}"
EndProject
Global
	GlobalSection(SolutionConfigurationPlatforms) = preSolution
		Debug|Any CPU = Debug|Any CPU
		Release|Any CPU = Release|Any CPU
	EndGlobalSection
	GlobalSection(ProjectConfigurationPlatforms) = postSolution
		{44180420-0EF5-45C4-B05A-E9019F65CA42}.Debug|Any CPU.ActiveCfg = Debug|Any CPU
		{44180420-0EF5-45C4-B05A-E9019F65CA42}.Debug|Any CPU.Build.0 = Debug|Any CPU
		{44180420-0EF5-45C4-B05A-E9019F65CA42}.Release|Any CPU.ActiveCfg = Release|Any CPU
		{44180420-0EF5-45C4-B05A-E9019F65CA42}.Release|Any CPU.Build.0 = Release|Any CPU
	EndGlobalSection
	GlobalSection(SolutionProperties) = preSolution
		HideSolutionNode = FALSE
	EndGlobalSection
	GlobalSection(ExtensibilityGlobals) = postSolution
		SolutionGuid = {FF74EAA3-C2D1-4F8F-9CDD-653044C5B5AB}
	EndGlobalSection
EndGlobal
